// !$*UTF8*$!
{
	archiveVersion = 1;
	classes = {
	};
	objectVersion = 46;
	objects = {

/* Begin PBXBuildFile section */
		3D6B61CA7F0C8C466B5BE3A2 /* Pods_A5.framework in Frameworks */ = {isa = PBXBuildFile; fileRef = 33120F77CEF1704B9DF3D496 /* Pods_A5.framework */; };
		9B403FEB1EAD0AB8007CD15F /* AppDelegate.swift in Sources */ = {isa = PBXBuildFile; fileRef = 9B403FEA1EAD0AB8007CD15F /* AppDelegate.swift */; };
		9B403FED1EAD0AB8007CD15F /* ViewController.swift in Sources */ = {isa = PBXBuildFile; fileRef = 9B403FEC1EAD0AB8007CD15F /* ViewController.swift */; };
		9B403FF01EAD0AB8007CD15F /* Main.storyboard in Resources */ = {isa = PBXBuildFile; fileRef = 9B403FEE1EAD0AB8007CD15F /* Main.storyboard */; };
		9B403FF21EAD0AB8007CD15F /* Assets.xcassets in Resources */ = {isa = PBXBuildFile; fileRef = 9B403FF11EAD0AB8007CD15F /* Assets.xcassets */; };
		9B403FF51EAD0AB8007CD15F /* LaunchScreen.storyboard in Resources */ = {isa = PBXBuildFile; fileRef = 9B403FF31EAD0AB8007CD15F /* LaunchScreen.storyboard */; };
		BC1C73821EB2BB2C003B823F /* QuizViewController.swift in Sources */ = {isa = PBXBuildFile; fileRef = BC1C73811EB2BB2C003B823F /* QuizViewController.swift */; };
		BC952B661EB18CBD00FD041F /* Utility.swift in Sources */ = {isa = PBXBuildFile; fileRef = BC952B651EB18CBD00FD041F /* Utility.swift */; };
		BC952B681EB1901800FD041F /* Question.swift in Sources */ = {isa = PBXBuildFile; fileRef = BC952B671EB1901800FD041F /* Question.swift */; };
/* End PBXBuildFile section */

/* Begin PBXFileReference section */
		194B2A1325B922CB3A49A7A6 /* Pods-A5.release.xcconfig */ = {isa = PBXFileReference; includeInIndex = 1; lastKnownFileType = text.xcconfig; name = "Pods-A5.release.xcconfig"; path = "Pods/Target Support Files/Pods-A5/Pods-A5.release.xcconfig"; sourceTree = "<group>"; };
		33120F77CEF1704B9DF3D496 /* Pods_A5.framework */ = {isa = PBXFileReference; explicitFileType = wrapper.framework; includeInIndex = 0; path = Pods_A5.framework; sourceTree = BUILT_PRODUCTS_DIR; };
		9B403FE71EAD0AB8007CD15F /* A5.app */ = {isa = PBXFileReference; explicitFileType = wrapper.application; includeInIndex = 0; path = A5.app; sourceTree = BUILT_PRODUCTS_DIR; };
		9B403FEA1EAD0AB8007CD15F /* AppDelegate.swift */ = {isa = PBXFileReference; lastKnownFileType = sourcecode.swift; path = AppDelegate.swift; sourceTree = "<group>"; };
		9B403FEC1EAD0AB8007CD15F /* ViewController.swift */ = {isa = PBXFileReference; lastKnownFileType = sourcecode.swift; path = ViewController.swift; sourceTree = "<group>"; };
		9B403FEF1EAD0AB8007CD15F /* Base */ = {isa = PBXFileReference; lastKnownFileType = file.storyboard; name = Base; path = Base.lproj/Main.storyboard; sourceTree = "<group>"; };
		9B403FF11EAD0AB8007CD15F /* Assets.xcassets */ = {isa = PBXFileReference; lastKnownFileType = folder.assetcatalog; path = Assets.xcassets; sourceTree = "<group>"; };
		9B403FF41EAD0AB8007CD15F /* Base */ = {isa = PBXFileReference; lastKnownFileType = file.storyboard; name = Base; path = Base.lproj/LaunchScreen.storyboard; sourceTree = "<group>"; };
		9B403FF61EAD0AB8007CD15F /* Info.plist */ = {isa = PBXFileReference; lastKnownFileType = text.plist.xml; path = Info.plist; sourceTree = "<group>"; };
		B70892359073D7F1631C3B64 /* Pods-A5.debug.xcconfig */ = {isa = PBXFileReference; includeInIndex = 1; lastKnownFileType = text.xcconfig; name = "Pods-A5.debug.xcconfig"; path = "Pods/Target Support Files/Pods-A5/Pods-A5.debug.xcconfig"; sourceTree = "<group>"; };
		BC1C73811EB2BB2C003B823F /* QuizViewController.swift */ = {isa = PBXFileReference; fileEncoding = 4; lastKnownFileType = sourcecode.swift; path = QuizViewController.swift; sourceTree = "<group>"; };
		BC952B651EB18CBD00FD041F /* Utility.swift */ = {isa = PBXFileReference; fileEncoding = 4; lastKnownFileType = sourcecode.swift; path = Utility.swift; sourceTree = "<group>"; };
		BC952B671EB1901800FD041F /* Question.swift */ = {isa = PBXFileReference; fileEncoding = 4; lastKnownFileType = sourcecode.swift; path = Question.swift; sourceTree = "<group>"; };
/* End PBXFileReference section */

/* Begin PBXFrameworksBuildPhase section */
		9B403FE41EAD0AB8007CD15F /* Frameworks */ = {
			isa = PBXFrameworksBuildPhase;
			buildActionMask = 2147483647;
			files = (
				3D6B61CA7F0C8C466B5BE3A2 /* Pods_A5.framework in Frameworks */,
			);
			runOnlyForDeploymentPostprocessing = 0;
		};
/* End PBXFrameworksBuildPhase section */

/* Begin PBXGroup section */
		1FB67C11D43F65D3FF59CFBC /* Pods */ = {
			isa = PBXGroup;
			children = (
				B70892359073D7F1631C3B64 /* Pods-A5.debug.xcconfig */,
				194B2A1325B922CB3A49A7A6 /* Pods-A5.release.xcconfig */,
			);
			name = Pods;
			sourceTree = "<group>";
		};
		704945C92A7CD2040B086D62 /* Frameworks */ = {
			isa = PBXGroup;
			children = (
				33120F77CEF1704B9DF3D496 /* Pods_A5.framework */,
			);
			name = Frameworks;
			sourceTree = "<group>";
		};
		9B403FDE1EAD0AB8007CD15F = {
			isa = PBXGroup;
			children = (
				9B403FE91EAD0AB8007CD15F /* A5 */,
				9B403FE81EAD0AB8007CD15F /* Products */,
				1FB67C11D43F65D3FF59CFBC /* Pods */,
				704945C92A7CD2040B086D62 /* Frameworks */,
			);
			sourceTree = "<group>";
		};
		9B403FE81EAD0AB8007CD15F /* Products */ = {
			isa = PBXGroup;
			children = (
				9B403FE71EAD0AB8007CD15F /* A5.app */,
			);
			name = Products;
			sourceTree = "<group>";
		};
		9B403FE91EAD0AB8007CD15F /* A5 */ = {
			isa = PBXGroup;
			children = (
				BC1C73811EB2BB2C003B823F /* QuizViewController.swift */,
				BC952B651EB18CBD00FD041F /* Utility.swift */,
				BC952B671EB1901800FD041F /* Question.swift */,
				9B403FEA1EAD0AB8007CD15F /* AppDelegate.swift */,
				9B403FEC1EAD0AB8007CD15F /* ViewController.swift */,
				9B403FEE1EAD0AB8007CD15F /* Main.storyboard */,
				9B403FF11EAD0AB8007CD15F /* Assets.xcassets */,
				9B403FF31EAD0AB8007CD15F /* LaunchScreen.storyboard */,
				9B403FF61EAD0AB8007CD15F /* Info.plist */,
			);
			path = A5;
			sourceTree = "<group>";
		};
/* End PBXGroup section */

/* Begin PBXNativeTarget section */
		9B403FE61EAD0AB8007CD15F /* A5 */ = {
			isa = PBXNativeTarget;
			buildConfigurationList = 9B403FF91EAD0AB8007CD15F /* Build configuration list for PBXNativeTarget "A5" */;
			buildPhases = (
				93A24A593A14DCDA4B0D64B1 /* [CP] Check Pods Manifest.lock */,
				9B403FE31EAD0AB8007CD15F /* Sources */,
				9B403FE41EAD0AB8007CD15F /* Frameworks */,
				9B403FE51EAD0AB8007CD15F /* Resources */,
				B7F03A9BB777F12A4EEE6244 /* [CP] Embed Pods Frameworks */,
				86A038463713DE864EE25AB6 /* [CP] Copy Pods Resources */,
			);
			buildRules = (
			);
			dependencies = (
			);
			name = A5;
			productName = A5;
			productReference = 9B403FE71EAD0AB8007CD15F /* A5.app */;
			productType = "com.apple.product-type.application";
		};
/* End PBXNativeTarget section */

/* Begin PBXProject section */
		9B403FDF1EAD0AB8007CD15F /* Project object */ = {
			isa = PBXProject;
			attributes = {
				LastSwiftUpdateCheck = 0820;
				LastUpgradeCheck = 0820;
				ORGANIZATIONNAME = "Syed Hyder Rizvi";
				TargetAttributes = {
					9B403FE61EAD0AB8007CD15F = {
						CreatedOnToolsVersion = 8.2.1;
						DevelopmentTeam = 8B4QBLLSCD;
						ProvisioningStyle = Automatic;
					};
				};
			};
			buildConfigurationList = 9B403FE21EAD0AB8007CD15F /* Build configuration list for PBXProject "A5" */;
			compatibilityVersion = "Xcode 3.2";
			developmentRegion = English;
			hasScannedForEncodings = 0;
			knownRegions = (
				en,
				Base,
			);
			mainGroup = 9B403FDE1EAD0AB8007CD15F;
			productRefGroup = 9B403FE81EAD0AB8007CD15F /* Products */;
			projectDirPath = "";
			projectRoot = "";
			targets = (
				9B403FE61EAD0AB8007CD15F /* A5 */,
			);
		};
/* End PBXProject section */

/* Begin PBXResourcesBuildPhase section */
		9B403FE51EAD0AB8007CD15F /* Resources */ = {
			isa = PBXResourcesBuildPhase;
			buildActionMask = 2147483647;
			files = (
				9B403FF51EAD0AB8007CD15F /* LaunchScreen.storyboard in Resources */,
				9B403FF21EAD0AB8007CD15F /* Assets.xcassets in Resources */,
				9B403FF01EAD0AB8007CD15F /* Main.storyboard in Resources */,
			);
			runOnlyForDeploymentPostprocessing = 0;
		};
/* End PBXResourcesBuildPhase section */

/* Begin PBXShellScriptBuildPhase section */
		86A038463713DE864EE25AB6 /* [CP] Copy Pods Resources */ = {
			isa = PBXShellScriptBuildPhase;
			buildActionMask = 2147483647;
			files = (
			);
			inputPaths = (
			);
			name = "[CP] Copy Pods Resources";
			outputPaths = (
			);
			runOnlyForDeploymentPostprocessing = 0;
			shellPath = /bin/sh;
			shellScript = "\"${SRCROOT}/Pods/Target Support Files/Pods-A5/Pods-A5-resources.sh\"\n";
			showEnvVarsInLog = 0;
		};
		93A24A593A14DCDA4B0D64B1 /* [CP] Check Pods Manifest.lock */ = {
			isa = PBXShellScriptBuildPhase;
			buildActionMask = 2147483647;
			files = (
			);
			inputPaths = (
			);
			name = "[CP] Check Pods Manifest.lock";
			outputPaths = (
			);
			runOnlyForDeploymentPostprocessing = 0;
			shellPath = /bin/sh;
			shellScript = "diff \"${PODS_PODFILE_DIR_PATH}/Podfile.lock\" \"${PODS_ROOT}/Manifest.lock\" > /dev/null\nif [ $? != 0 ] ; then\n    # print error to STDERR\n    echo \"error: The sandbox is not in sync with the Podfile.lock. Run 'pod install' or update your CocoaPods installation.\" >&2\n    exit 1\nfi\n";
			showEnvVarsInLog = 0;
		};
		B7F03A9BB777F12A4EEE6244 /* [CP] Embed Pods Frameworks */ = {
			isa = PBXShellScriptBuildPhase;
			buildActionMask = 2147483647;
			files = (
			);
			inputPaths = (
			);
			name = "[CP] Embed Pods Frameworks";
			outputPaths = (
			);
			runOnlyForDeploymentPostprocessing = 0;
			shellPath = /bin/sh;
			shellScript = "\"${SRCROOT}/Pods/Target Support Files/Pods-A5/Pods-A5-frameworks.sh\"\n";
			showEnvVarsInLog = 0;
		};
/* End PBXShellScriptBuildPhase section */

/* Begin PBXSourcesBuildPhase section */
		9B403FE31EAD0AB8007CD15F /* Sources */ = {
			isa = PBXSourcesBuildPhase;
			buildActionMask = 2147483647;
			files = (
				BC952B681EB1901800FD041F /* Question.swift in Sources */,
				BC1C73821EB2BB2C003B823F /* QuizViewController.swift in Sources */,
				BC952B661EB18CBD00FD041F /* Utility.swift in Sources */,
				9B403FED1EAD0AB8007CD15F /* ViewController.swift in Sources */,
				9B403FEB1EAD0AB8007CD15F /* AppDelegate.swift in Sources */,
			);
			runOnlyForDeploymentPostprocessing = 0;
		};
/* End PBXSourcesBuildPhase section */

/* Begin PBXVariantGroup section */
		9B403FEE1EAD0AB8007CD15F /* Main.storyboard */ = {
			isa = PBXVariantGroup;
			children = (
				9B403FEF1EAD0AB8007CD15F /* Base */,
			);
			name = Main.storyboard;
			sourceTree = "<group>";
		};
		9B403FF31EAD0AB8007CD15F /* LaunchScreen.storyboard */ = {
			isa = PBXVariantGroup;
			children = (
				9B403FF41EAD0AB8007CD15F /* Base */,
			);
			name = LaunchScreen.storyboard;
			sourceTree = "<group>";
		};
/* End PBXVariantGroup section */

/* Begin XCBuildConfiguration section */
		9B403FF71EAD0AB8007CD15F /* Debug */ = {
			isa = XCBuildConfiguration;
			buildSettings = {
				ALWAYS_SEARCH_USER_PATHS = NO;
				CLANG_ANALYZER_NONNULL = YES;
				CLANG_CXX_LANGUAGE_STANDARD = "gnu++0x";
				CLANG_CXX_LIBRARY = "libc++";
				CLANG_ENABLE_MODULES = YES;
				CLANG_ENABLE_OBJC_ARC = YES;
				CLANG_WARN_BOOL_CONVERSION = YES;
				CLANG_WARN_CONSTANT_CONVERSION = YES;
				CLANG_WARN_DIRECT_OBJC_ISA_USAGE = YES_ERROR;
				CLANG_WARN_DOCUMENTATION_COMMENTS = YES;
				CLANG_WARN_EMPTY_BODY = YES;
				CLANG_WARN_ENUM_CONVERSION = YES;
				CLANG_WARN_INFINITE_RECURSION = YES;
				CLANG_WARN_INT_CONVERSION = YES;
				CLANG_WARN_OBJC_ROOT_CLASS = YES_ERROR;
				CLANG_WARN_SUSPICIOUS_MOVE = YES;
				CLANG_WARN_UNREACHABLE_CODE = YES;
				CLANG_WARN__DUPLICATE_METHOD_MATCH = YES;
				"CODE_SIGN_IDENTITY[sdk=iphoneos*]" = "iPhone Developer";
				COPY_PHASE_STRIP = NO;
				DEBUG_INFORMATION_FORMAT = dwarf;
				ENABLE_STRICT_OBJC_MSGSEND = YES;
				ENABLE_TESTABILITY = YES;
				GCC_C_LANGUAGE_STANDARD = gnu99;
				GCC_DYNAMIC_NO_PIC = NO;
				GCC_NO_COMMON_BLOCKS = YES;
				GCC_OPTIMIZATION_LEVEL = 0;
				GCC_PREPROCESSOR_DEFINITIONS = (
					"DEBUG=1",
					"$(inherited)",
				);
				GCC_WARN_64_TO_32_BIT_CONVERSION = YES;
				GCC_WARN_ABOUT_RETURN_TYPE = YES_ERROR;
				GCC_WARN_UNDECLARED_SELECTOR = YES;
				GCC_WARN_UNINITIALIZED_AUTOS = YES_AGGRESSIVE;
				GCC_WARN_UNUSED_FUNCTION = YES;
				GCC_WARN_UNUSED_VARIABLE = YES;
				IPHONEOS_DEPLOYMENT_TARGET = 10.2;
				MTL_ENABLE_DEBUG_INFO = YES;
				ONLY_ACTIVE_ARCH = YES;
				SDKROOT = iphoneos;
				SWIFT_ACTIVE_COMPILATION_CONDITIONS = DEBUG;
				SWIFT_OPTIMIZATION_LEVEL = "-Onone";
			};
			name = Debug;
		};
		9B403FF81EAD0AB8007CD15F /* Release */ = {
			isa = XCBuildConfiguration;
			buildSettings = {
				ALWAYS_SEARCH_USER_PATHS = NO;
				CLANG_ANALYZER_NONNULL = YES;
				CLANG_CXX_LANGUAGE_STANDARD = "gnu++0x";
				CLANG_CXX_LIBRARY = "libc++";
				CLANG_ENABLE_MODULES = YES;
				CLANG_ENABLE_OBJC_ARC = YES;
				CLANG_WARN_BOOL_CONVERSION = YES;
				CLANG_WARN_CONSTANT_CONVERSION = YES;
				CLANG_WARN_DIRECT_OBJC_ISA_USAGE = YES_ERROR;
				CLANG_WARN_DOCUMENTATION_COMMENTS = YES;
				CLANG_WARN_EMPTY_BODY = YES;
				CLANG_WARN_ENUM_CONVERSION = YES;
				CLANG_WARN_INFINITE_RECURSION = YES;
				CLANG_WARN_INT_CONVERSION = YES;
				CLANG_WARN_OBJC_ROOT_CLASS = YES_ERROR;
				CLANG_WARN_SUSPICIOUS_MOVE = YES;
				CLANG_WARN_UNREACHABLE_CODE = YES;
				CLANG_WARN__DUPLICATE_METHOD_MATCH = YES;
				"CODE_SIGN_IDENTITY[sdk=iphoneos*]" = "iPhone Developer";
				COPY_PHASE_STRIP = NO;
				DEBUG_INFORMATION_FORMAT = "dwarf-with-dsym";
				ENABLE_NS_ASSERTIONS = NO;
				ENABLE_STRICT_OBJC_MSGSEND = YES;
				GCC_C_LANGUAGE_STANDARD = gnu99;
				GCC_NO_COMMON_BLOCKS = YES;
				GCC_WARN_64_TO_32_BIT_CONVERSION = YES;
				GCC_WARN_ABOUT_RETURN_TYPE = YES_ERROR;
				GCC_WARN_UNDECLARED_SELECTOR = YES;
				GCC_WARN_UNINITIALIZED_AUTOS = YES_AGGRESSIVE;
				GCC_WARN_UNUSED_FUNCTION = YES;
				GCC_WARN_UNUSED_VARIABLE = YES;
				IPHONEOS_DEPLOYMENT_TARGET = 10.2;
				MTL_ENABLE_DEBUG_INFO = NO;
				SDKROOT = iphoneos;
				SWIFT_OPTIMIZATION_LEVEL = "-Owholemodule";
				VALIDATE_PRODUCT = YES;
			};
			name = Release;
		};
		9B403FFA1EAD0AB8007CD15F /* Debug */ = {
			isa = XCBuildConfiguration;
			baseConfigurationReference = B70892359073D7F1631C3B64 /* Pods-A5.debug.xcconfig */;
			buildSettings = {
				ASSETCATALOG_COMPILER_APPICON_NAME = AppIcon;
				DEVELOPMENT_TEAM = 8B4QBLLSCD;
				INFOPLIST_FILE = A5/Info.plist;
				IPHONEOS_DEPLOYMENT_TARGET = 10.0;
				LD_RUNPATH_SEARCH_PATHS = "$(inherited) @executable_path/Frameworks";
				PRODUCT_BUNDLE_IDENTIFIER = com.SyedRizvi.A5;
				PRODUCT_NAME = "$(TARGET_NAME)";
				SWIFT_VERSION = 3.0;
			};
			name = Debug;
		};
		9B403FFB1EAD0AB8007CD15F /* Release */ = {
			isa = XCBuildConfiguration;
			baseConfigurationReference = 194B2A1325B922CB3A49A7A6 /* Pods-A5.release.xcconfig */;
			buildSettings = {
				ASSETCATALOG_COMPILER_APPICON_NAME = AppIcon;
				DEVELOPMENT_TEAM = 8B4QBLLSCD;
				INFOPLIST_FILE = A5/Info.plist;
				IPHONEOS_DEPLOYMENT_TARGET = 10.0;
				LD_RUNPATH_SEARCH_PATHS = "$(inherited) @executable_path/Frameworks";
				PRODUCT_BUNDLE_IDENTIFIER = com.SyedRizvi.A5;
				PRODUCT_NAME = "$(TARGET_NAME)";
				SWIFT_VERSION = 3.0;
			};
			name = Release;
		};
/* End XCBuildConfiguration section */

/* Begin XCConfigurationList section */
		9B403FE21EAD0AB8007CD15F /* Build configuration list for PBXProject "A5" */ = {
			isa = XCConfigurationList;
			buildConfigurations = (
				9B403FF71EAD0AB8007CD15F /* Debug */,
				9B403FF81EAD0AB8007CD15F /* Release */,
			);
			defaultConfigurationIsVisible = 0;
			defaultConfigurationName = Release;
		};
		9B403FF91EAD0AB8007CD15F /* Build configuration list for PBXNativeTarget "A5" */ = {
			isa = XCConfigurationList;
			buildConfigurations = (
				9B403FFA1EAD0AB8007CD15F /* Debug */,
				9B403FFB1EAD0AB8007CD15F /* Release */,
			);
			defaultConfigurationIsVisible = 0;
			defaultConfigurationName = Release;
		};
/* End XCConfigurationList section */
	};
	rootObject = 9B403FDF1EAD0AB8007CD15F /* Project object */;
}
