// !$*UTF8*$!
{
	archiveVersion = 1;
	classes = {
	};
	objectVersion = 46;
	objects = {

/* Begin PBXBuildFile section */
		9B24F1011E6A82D600FA70FF /* saveProductType.swift in Sources */ = {isa = PBXBuildFile; fileRef = 9B24F1001E6A82D600FA70FF /* saveProductType.swift */; };
		9B24F1031E6B5E3D00FA70FF /* ManagerViewController.swift in Sources */ = {isa = PBXBuildFile; fileRef = 9B24F1021E6B5E3D00FA70FF /* ManagerViewController.swift */; };
		9B24F1091E6B936F00FA70FF /* ManagerNewViewController.swift in Sources */ = {isa = PBXBuildFile; fileRef = 9B24F1081E6B936F00FA70FF /* ManagerNewViewController.swift */; };
		9B24F10B1E6B962700FA70FF /* MangerChooseViewController.swift in Sources */ = {isa = PBXBuildFile; fileRef = 9B24F10A1E6B962700FA70FF /* MangerChooseViewController.swift */; };
		9B450AFE1E6A1ED000D95449 /* saveRecent.swift in Sources */ = {isa = PBXBuildFile; fileRef = 9B450AFD1E6A1ED000D95449 /* saveRecent.swift */; };
		9B5C0BCF1E5E43FD00AD147D /* AppDelegate.swift in Sources */ = {isa = PBXBuildFile; fileRef = 9B5C0BCE1E5E43FD00AD147D /* AppDelegate.swift */; };
		9B5C0BD11E5E43FD00AD147D /* ViewController.swift in Sources */ = {isa = PBXBuildFile; fileRef = 9B5C0BD01E5E43FD00AD147D /* ViewController.swift */; };
		9B5C0BD41E5E43FD00AD147D /* Main.storyboard in Resources */ = {isa = PBXBuildFile; fileRef = 9B5C0BD21E5E43FD00AD147D /* Main.storyboard */; };
		9B5C0BD61E5E43FD00AD147D /* Assets.xcassets in Resources */ = {isa = PBXBuildFile; fileRef = 9B5C0BD51E5E43FD00AD147D /* Assets.xcassets */; };
		9B5C0BD91E5E43FD00AD147D /* LaunchScreen.storyboard in Resources */ = {isa = PBXBuildFile; fileRef = 9B5C0BD71E5E43FD00AD147D /* LaunchScreen.storyboard */; };
		9B5C0BE41E5E43FD00AD147D /* Assignment2Tests.swift in Sources */ = {isa = PBXBuildFile; fileRef = 9B5C0BE31E5E43FD00AD147D /* Assignment2Tests.swift */; };
		9B5C0BEF1E5E43FD00AD147D /* Assignment2UITests.swift in Sources */ = {isa = PBXBuildFile; fileRef = 9B5C0BEE1E5E43FD00AD147D /* Assignment2UITests.swift */; };
		9B5C0BFD1E5E70D000AD147D /* ItemCollectionViewCell.swift in Sources */ = {isa = PBXBuildFile; fileRef = 9B5C0BFC1E5E70D000AD147D /* ItemCollectionViewCell.swift */; };
		9B5C0C091E61362A00AD147D /* TableViewCell.swift in Sources */ = {isa = PBXBuildFile; fileRef = 9B5C0C081E61362A00AD147D /* TableViewCell.swift */; };
		9B5C0C0B1E6228B000AD147D /* ProductViewController.swift in Sources */ = {isa = PBXBuildFile; fileRef = 9B5C0C0A1E6228B000AD147D /* ProductViewController.swift */; };
		9B5C0C0D1E62687D00AD147D /* CartViewController.swift in Sources */ = {isa = PBXBuildFile; fileRef = 9B5C0C0C1E62687D00AD147D /* CartViewController.swift */; };
		9B9A4F711E6392E90094AFD4 /* CartTableViewCell.swift in Sources */ = {isa = PBXBuildFile; fileRef = 9B9A4F701E6392E90094AFD4 /* CartTableViewCell.swift */; };
		9B9A4F731E6517C60094AFD4 /* RecentTableViewCell.swift in Sources */ = {isa = PBXBuildFile; fileRef = 9B9A4F721E6517C60094AFD4 /* RecentTableViewCell.swift */; };
		9B9A4F751E6517E90094AFD4 /* RecentViewController.swift in Sources */ = {isa = PBXBuildFile; fileRef = 9B9A4F741E6517E90094AFD4 /* RecentViewController.swift */; };
		9B9A4F771E675C770094AFD4 /* recentOrdersCollectionViewCell.swift in Sources */ = {isa = PBXBuildFile; fileRef = 9B9A4F761E675C770094AFD4 /* recentOrdersCollectionViewCell.swift */; };
		9B9A4F7B1E677DA20094AFD4 /* cartCollectionViewCell.swift in Sources */ = {isa = PBXBuildFile; fileRef = 9B9A4F7A1E677DA20094AFD4 /* cartCollectionViewCell.swift */; };
		9B9A4F831E68CCDC0094AFD4 /* itemArray1.swift in Sources */ = {isa = PBXBuildFile; fileRef = 9B9A4F821E68CCDC0094AFD4 /* itemArray1.swift */; };
/* End PBXBuildFile section */

/* Begin PBXContainerItemProxy section */
		9B5C0BE01E5E43FD00AD147D /* PBXContainerItemProxy */ = {
			isa = PBXContainerItemProxy;
			containerPortal = 9B5C0BC31E5E43FD00AD147D /* Project object */;
			proxyType = 1;
			remoteGlobalIDString = 9B5C0BCA1E5E43FD00AD147D;
			remoteInfo = Assignment2;
		};
		9B5C0BEB1E5E43FD00AD147D /* PBXContainerItemProxy */ = {
			isa = PBXContainerItemProxy;
			containerPortal = 9B5C0BC31E5E43FD00AD147D /* Project object */;
			proxyType = 1;
			remoteGlobalIDString = 9B5C0BCA1E5E43FD00AD147D;
			remoteInfo = Assignment2;
		};
/* End PBXContainerItemProxy section */

/* Begin PBXFileReference section */
		9B24F1001E6A82D600FA70FF /* saveProductType.swift */ = {isa = PBXFileReference; fileEncoding = 4; lastKnownFileType = sourcecode.swift; path = saveProductType.swift; sourceTree = "<group>"; };
		9B24F1021E6B5E3D00FA70FF /* ManagerViewController.swift */ = {isa = PBXFileReference; fileEncoding = 4; lastKnownFileType = sourcecode.swift; path = ManagerViewController.swift; sourceTree = "<group>"; };
		9B24F1081E6B936F00FA70FF /* ManagerNewViewController.swift */ = {isa = PBXFileReference; fileEncoding = 4; lastKnownFileType = sourcecode.swift; path = ManagerNewViewController.swift; sourceTree = "<group>"; };
		9B24F10A1E6B962700FA70FF /* MangerChooseViewController.swift */ = {isa = PBXFileReference; fileEncoding = 4; lastKnownFileType = sourcecode.swift; path = MangerChooseViewController.swift; sourceTree = "<group>"; };
		9B450AFD1E6A1ED000D95449 /* saveRecent.swift */ = {isa = PBXFileReference; fileEncoding = 4; lastKnownFileType = sourcecode.swift; path = saveRecent.swift; sourceTree = "<group>"; };
		9B5C0BCB1E5E43FD00AD147D /* Assignment2.app */ = {isa = PBXFileReference; explicitFileType = wrapper.application; includeInIndex = 0; path = Assignment2.app; sourceTree = BUILT_PRODUCTS_DIR; };
		9B5C0BCE1E5E43FD00AD147D /* AppDelegate.swift */ = {isa = PBXFileReference; lastKnownFileType = sourcecode.swift; path = AppDelegate.swift; sourceTree = "<group>"; };
		9B5C0BD01E5E43FD00AD147D /* ViewController.swift */ = {isa = PBXFileReference; lastKnownFileType = sourcecode.swift; path = ViewController.swift; sourceTree = "<group>"; };
		9B5C0BD31E5E43FD00AD147D /* Base */ = {isa = PBXFileReference; lastKnownFileType = file.storyboard; name = Base; path = Base.lproj/Main.storyboard; sourceTree = "<group>"; };
		9B5C0BD51E5E43FD00AD147D /* Assets.xcassets */ = {isa = PBXFileReference; lastKnownFileType = folder.assetcatalog; path = Assets.xcassets; sourceTree = "<group>"; };
		9B5C0BD81E5E43FD00AD147D /* Base */ = {isa = PBXFileReference; lastKnownFileType = file.storyboard; name = Base; path = Base.lproj/LaunchScreen.storyboard; sourceTree = "<group>"; };
		9B5C0BDA1E5E43FD00AD147D /* Info.plist */ = {isa = PBXFileReference; lastKnownFileType = text.plist.xml; path = Info.plist; sourceTree = "<group>"; };
		9B5C0BDF1E5E43FD00AD147D /* Assignment2Tests.xctest */ = {isa = PBXFileReference; explicitFileType = wrapper.cfbundle; includeInIndex = 0; path = Assignment2Tests.xctest; sourceTree = BUILT_PRODUCTS_DIR; };
		9B5C0BE31E5E43FD00AD147D /* Assignment2Tests.swift */ = {isa = PBXFileReference; lastKnownFileType = sourcecode.swift; path = Assignment2Tests.swift; sourceTree = "<group>"; };
		9B5C0BE51E5E43FD00AD147D /* Info.plist */ = {isa = PBXFileReference; lastKnownFileType = text.plist.xml; path = Info.plist; sourceTree = "<group>"; };
		9B5C0BEA1E5E43FD00AD147D /* Assignment2UITests.xctest */ = {isa = PBXFileReference; explicitFileType = wrapper.cfbundle; includeInIndex = 0; path = Assignment2UITests.xctest; sourceTree = BUILT_PRODUCTS_DIR; };
		9B5C0BEE1E5E43FD00AD147D /* Assignment2UITests.swift */ = {isa = PBXFileReference; lastKnownFileType = sourcecode.swift; path = Assignment2UITests.swift; sourceTree = "<group>"; };
		9B5C0BF01E5E43FD00AD147D /* Info.plist */ = {isa = PBXFileReference; lastKnownFileType = text.plist.xml; path = Info.plist; sourceTree = "<group>"; };
		9B5C0BFC1E5E70D000AD147D /* ItemCollectionViewCell.swift */ = {isa = PBXFileReference; fileEncoding = 4; lastKnownFileType = sourcecode.swift; path = ItemCollectionViewCell.swift; sourceTree = "<group>"; };
		9B5C0C081E61362A00AD147D /* TableViewCell.swift */ = {isa = PBXFileReference; fileEncoding = 4; lastKnownFileType = sourcecode.swift; path = TableViewCell.swift; sourceTree = "<group>"; };
		9B5C0C0A1E6228B000AD147D /* ProductViewController.swift */ = {isa = PBXFileReference; fileEncoding = 4; lastKnownFileType = sourcecode.swift; path = ProductViewController.swift; sourceTree = "<group>"; };
		9B5C0C0C1E62687D00AD147D /* CartViewController.swift */ = {isa = PBXFileReference; fileEncoding = 4; lastKnownFileType = sourcecode.swift; path = CartViewController.swift; sourceTree = "<group>"; };
		9B9A4F701E6392E90094AFD4 /* CartTableViewCell.swift */ = {isa = PBXFileReference; fileEncoding = 4; lastKnownFileType = sourcecode.swift; path = CartTableViewCell.swift; sourceTree = "<group>"; };
		9B9A4F721E6517C60094AFD4 /* RecentTableViewCell.swift */ = {isa = PBXFileReference; fileEncoding = 4; lastKnownFileType = sourcecode.swift; path = RecentTableViewCell.swift; sourceTree = "<group>"; };
		9B9A4F741E6517E90094AFD4 /* RecentViewController.swift */ = {isa = PBXFileReference; fileEncoding = 4; lastKnownFileType = sourcecode.swift; path = RecentViewController.swift; sourceTree = "<group>"; };
		9B9A4F761E675C770094AFD4 /* recentOrdersCollectionViewCell.swift */ = {isa = PBXFileReference; fileEncoding = 4; lastKnownFileType = sourcecode.swift; path = recentOrdersCollectionViewCell.swift; sourceTree = "<group>"; };
		9B9A4F7A1E677DA20094AFD4 /* cartCollectionViewCell.swift */ = {isa = PBXFileReference; fileEncoding = 4; lastKnownFileType = sourcecode.swift; path = cartCollectionViewCell.swift; sourceTree = "<group>"; };
		9B9A4F821E68CCDC0094AFD4 /* itemArray1.swift */ = {isa = PBXFileReference; fileEncoding = 4; lastKnownFileType = sourcecode.swift; path = itemArray1.swift; sourceTree = "<group>"; };
/* End PBXFileReference section */

/* Begin PBXFrameworksBuildPhase section */
		9B5C0BC81E5E43FD00AD147D /* Frameworks */ = {
			isa = PBXFrameworksBuildPhase;
			buildActionMask = 2147483647;
			files = (
			);
			runOnlyForDeploymentPostprocessing = 0;
		};
		9B5C0BDC1E5E43FD00AD147D /* Frameworks */ = {
			isa = PBXFrameworksBuildPhase;
			buildActionMask = 2147483647;
			files = (
			);
			runOnlyForDeploymentPostprocessing = 0;
		};
		9B5C0BE71E5E43FD00AD147D /* Frameworks */ = {
			isa = PBXFrameworksBuildPhase;
			buildActionMask = 2147483647;
			files = (
			);
			runOnlyForDeploymentPostprocessing = 0;
		};
/* End PBXFrameworksBuildPhase section */

/* Begin PBXGroup section */
		9B5C0BC21E5E43FD00AD147D = {
			isa = PBXGroup;
			children = (
				9B5C0BCD1E5E43FD00AD147D /* Assignment2 */,
				9B5C0BE21E5E43FD00AD147D /* Assignment2Tests */,
				9B5C0BED1E5E43FD00AD147D /* Assignment2UITests */,
				9B5C0BCC1E5E43FD00AD147D /* Products */,
			);
			sourceTree = "<group>";
		};
		9B5C0BCC1E5E43FD00AD147D /* Products */ = {
			isa = PBXGroup;
			children = (
				9B5C0BCB1E5E43FD00AD147D /* Assignment2.app */,
				9B5C0BDF1E5E43FD00AD147D /* Assignment2Tests.xctest */,
				9B5C0BEA1E5E43FD00AD147D /* Assignment2UITests.xctest */,
			);
			name = Products;
			sourceTree = "<group>";
		};
		9B5C0BCD1E5E43FD00AD147D /* Assignment2 */ = {
			isa = PBXGroup;
			children = (
				9B5C0BCE1E5E43FD00AD147D /* AppDelegate.swift */,
				9B5C0BD01E5E43FD00AD147D /* ViewController.swift */,
				9B5C0BD21E5E43FD00AD147D /* Main.storyboard */,
				9B5C0BFC1E5E70D000AD147D /* ItemCollectionViewCell.swift */,
				9B5C0BD51E5E43FD00AD147D /* Assets.xcassets */,
				9B5C0BD71E5E43FD00AD147D /* LaunchScreen.storyboard */,
				9B5C0BDA1E5E43FD00AD147D /* Info.plist */,
				9B5C0C081E61362A00AD147D /* TableViewCell.swift */,
				9B5C0C0A1E6228B000AD147D /* ProductViewController.swift */,
				9B5C0C0C1E62687D00AD147D /* CartViewController.swift */,
				9B9A4F701E6392E90094AFD4 /* CartTableViewCell.swift */,
				9B9A4F721E6517C60094AFD4 /* RecentTableViewCell.swift */,
				9B9A4F741E6517E90094AFD4 /* RecentViewController.swift */,
				9B9A4F761E675C770094AFD4 /* recentOrdersCollectionViewCell.swift */,
				9B9A4F7A1E677DA20094AFD4 /* cartCollectionViewCell.swift */,
				9B9A4F821E68CCDC0094AFD4 /* itemArray1.swift */,
				9B450AFD1E6A1ED000D95449 /* saveRecent.swift */,
				9B24F1001E6A82D600FA70FF /* saveProductType.swift */,
				9B24F1021E6B5E3D00FA70FF /* ManagerViewController.swift */,
				9B24F1081E6B936F00FA70FF /* ManagerNewViewController.swift */,
				9B24F10A1E6B962700FA70FF /* MangerChooseViewController.swift */,
			);
			path = Assignment2;
			sourceTree = "<group>";
		};
		9B5C0BE21E5E43FD00AD147D /* Assignment2Tests */ = {
			isa = PBXGroup;
			children = (
				9B5C0BE31E5E43FD00AD147D /* Assignment2Tests.swift */,
				9B5C0BE51E5E43FD00AD147D /* Info.plist */,
			);
			path = Assignment2Tests;
			sourceTree = "<group>";
		};
		9B5C0BED1E5E43FD00AD147D /* Assignment2UITests */ = {
			isa = PBXGroup;
			children = (
				9B5C0BEE1E5E43FD00AD147D /* Assignment2UITests.swift */,
				9B5C0BF01E5E43FD00AD147D /* Info.plist */,
			);
			path = Assignment2UITests;
			sourceTree = "<group>";
		};
/* End PBXGroup section */

/* Begin PBXNativeTarget section */
		9B5C0BCA1E5E43FD00AD147D /* Assignment2 */ = {
			isa = PBXNativeTarget;
			buildConfigurationList = 9B5C0BF31E5E43FD00AD147D /* Build configuration list for PBXNativeTarget "Assignment2" */;
			buildPhases = (
				9B5C0BC71E5E43FD00AD147D /* Sources */,
				9B5C0BC81E5E43FD00AD147D /* Frameworks */,
				9B5C0BC91E5E43FD00AD147D /* Resources */,
			);
			buildRules = (
			);
			dependencies = (
			);
			name = Assignment2;
			productName = Assignment2;
			productReference = 9B5C0BCB1E5E43FD00AD147D /* Assignment2.app */;
			productType = "com.apple.product-type.application";
		};
		9B5C0BDE1E5E43FD00AD147D /* Assignment2Tests */ = {
			isa = PBXNativeTarget;
			buildConfigurationList = 9B5C0BF61E5E43FD00AD147D /* Build configuration list for PBXNativeTarget "Assignment2Tests" */;
			buildPhases = (
				9B5C0BDB1E5E43FD00AD147D /* Sources */,
				9B5C0BDC1E5E43FD00AD147D /* Frameworks */,
				9B5C0BDD1E5E43FD00AD147D /* Resources */,
			);
			buildRules = (
			);
			dependencies = (
				9B5C0BE11E5E43FD00AD147D /* PBXTargetDependency */,
			);
			name = Assignment2Tests;
			productName = Assignment2Tests;
			productReference = 9B5C0BDF1E5E43FD00AD147D /* Assignment2Tests.xctest */;
			productType = "com.apple.product-type.bundle.unit-test";
		};
		9B5C0BE91E5E43FD00AD147D /* Assignment2UITests */ = {
			isa = PBXNativeTarget;
			buildConfigurationList = 9B5C0BF91E5E43FD00AD147D /* Build configuration list for PBXNativeTarget "Assignment2UITests" */;
			buildPhases = (
				9B5C0BE61E5E43FD00AD147D /* Sources */,
				9B5C0BE71E5E43FD00AD147D /* Frameworks */,
				9B5C0BE81E5E43FD00AD147D /* Resources */,
			);
			buildRules = (
			);
			dependencies = (
				9B5C0BEC1E5E43FD00AD147D /* PBXTargetDependency */,
			);
			name = Assignment2UITests;
			productName = Assignment2UITests;
			productReference = 9B5C0BEA1E5E43FD00AD147D /* Assignment2UITests.xctest */;
			productType = "com.apple.product-type.bundle.ui-testing";
		};
/* End PBXNativeTarget section */

/* Begin PBXProject section */
		9B5C0BC31E5E43FD00AD147D /* Project object */ = {
			isa = PBXProject;
			attributes = {
				LastSwiftUpdateCheck = 0820;
				LastUpgradeCheck = 0820;
				ORGANIZATIONNAME = "Syed Hyder Rizvi";
				TargetAttributes = {
					9B5C0BCA1E5E43FD00AD147D = {
						CreatedOnToolsVersion = 8.2.1;
						DevelopmentTeam = 8B4QBLLSCD;
						ProvisioningStyle = Automatic;
					};
					9B5C0BDE1E5E43FD00AD147D = {
						CreatedOnToolsVersion = 8.2.1;
						DevelopmentTeam = DAHT3F53WS;
						ProvisioningStyle = Automatic;
						TestTargetID = 9B5C0BCA1E5E43FD00AD147D;
					};
					9B5C0BE91E5E43FD00AD147D = {
						CreatedOnToolsVersion = 8.2.1;
						DevelopmentTeam = DAHT3F53WS;
						ProvisioningStyle = Automatic;
						TestTargetID = 9B5C0BCA1E5E43FD00AD147D;
					};
				};
			};
			buildConfigurationList = 9B5C0BC61E5E43FD00AD147D /* Build configuration list for PBXProject "Assignment2" */;
			compatibilityVersion = "Xcode 3.2";
			developmentRegion = English;
			hasScannedForEncodings = 0;
			knownRegions = (
				en,
				Base,
			);
			mainGroup = 9B5C0BC21E5E43FD00AD147D;
			productRefGroup = 9B5C0BCC1E5E43FD00AD147D /* Products */;
			projectDirPath = "";
			projectRoot = "";
			targets = (
				9B5C0BCA1E5E43FD00AD147D /* Assignment2 */,
				9B5C0BDE1E5E43FD00AD147D /* Assignment2Tests */,
				9B5C0BE91E5E43FD00AD147D /* Assignment2UITests */,
			);
		};
/* End PBXProject section */

/* Begin PBXResourcesBuildPhase section */
		9B5C0BC91E5E43FD00AD147D /* Resources */ = {
			isa = PBXResourcesBuildPhase;
			buildActionMask = 2147483647;
			files = (
				9B5C0BD91E5E43FD00AD147D /* LaunchScreen.storyboard in Resources */,
				9B5C0BD61E5E43FD00AD147D /* Assets.xcassets in Resources */,
				9B5C0BD41E5E43FD00AD147D /* Main.storyboard in Resources */,
			);
			runOnlyForDeploymentPostprocessing = 0;
		};
		9B5C0BDD1E5E43FD00AD147D /* Resources */ = {
			isa = PBXResourcesBuildPhase;
			buildActionMask = 2147483647;
			files = (
			);
			runOnlyForDeploymentPostprocessing = 0;
		};
		9B5C0BE81E5E43FD00AD147D /* Resources */ = {
			isa = PBXResourcesBuildPhase;
			buildActionMask = 2147483647;
			files = (
			);
			runOnlyForDeploymentPostprocessing = 0;
		};
/* End PBXResourcesBuildPhase section */

/* Begin PBXSourcesBuildPhase section */
		9B5C0BC71E5E43FD00AD147D /* Sources */ = {
			isa = PBXSourcesBuildPhase;
			buildActionMask = 2147483647;
			files = (
				9B24F1031E6B5E3D00FA70FF /* ManagerViewController.swift in Sources */,
				9B9A4F771E675C770094AFD4 /* recentOrdersCollectionViewCell.swift in Sources */,
				9B5C0C0B1E6228B000AD147D /* ProductViewController.swift in Sources */,
				9B24F1011E6A82D600FA70FF /* saveProductType.swift in Sources */,
				9B9A4F831E68CCDC0094AFD4 /* itemArray1.swift in Sources */,
				9B9A4F751E6517E90094AFD4 /* RecentViewController.swift in Sources */,
				9B24F1091E6B936F00FA70FF /* ManagerNewViewController.swift in Sources */,
				9B5C0C091E61362A00AD147D /* TableViewCell.swift in Sources */,
				9B5C0C0D1E62687D00AD147D /* CartViewController.swift in Sources */,
				9B5C0BFD1E5E70D000AD147D /* ItemCollectionViewCell.swift in Sources */,
				9B450AFE1E6A1ED000D95449 /* saveRecent.swift in Sources */,
				9B9A4F731E6517C60094AFD4 /* RecentTableViewCell.swift in Sources */,
				9B24F10B1E6B962700FA70FF /* MangerChooseViewController.swift in Sources */,
				9B5C0BD11E5E43FD00AD147D /* ViewController.swift in Sources */,
				9B9A4F7B1E677DA20094AFD4 /* cartCollectionViewCell.swift in Sources */,
				9B5C0BCF1E5E43FD00AD147D /* AppDelegate.swift in Sources */,
				9B9A4F711E6392E90094AFD4 /* CartTableViewCell.swift in Sources */,
			);
			runOnlyForDeploymentPostprocessing = 0;
		};
		9B5C0BDB1E5E43FD00AD147D /* Sources */ = {
			isa = PBXSourcesBuildPhase;
			buildActionMask = 2147483647;
			files = (
				9B5C0BE41E5E43FD00AD147D /* Assignment2Tests.swift in Sources */,
			);
			runOnlyForDeploymentPostprocessing = 0;
		};
		9B5C0BE61E5E43FD00AD147D /* Sources */ = {
			isa = PBXSourcesBuildPhase;
			buildActionMask = 2147483647;
			files = (
				9B5C0BEF1E5E43FD00AD147D /* Assignment2UITests.swift in Sources */,
			);
			runOnlyForDeploymentPostprocessing = 0;
		};
/* End PBXSourcesBuildPhase section */

/* Begin PBXTargetDependency section */
		9B5C0BE11E5E43FD00AD147D /* PBXTargetDependency */ = {
			isa = PBXTargetDependency;
			target = 9B5C0BCA1E5E43FD00AD147D /* Assignment2 */;
			targetProxy = 9B5C0BE01E5E43FD00AD147D /* PBXContainerItemProxy */;
		};
		9B5C0BEC1E5E43FD00AD147D /* PBXTargetDependency */ = {
			isa = PBXTargetDependency;
			target = 9B5C0BCA1E5E43FD00AD147D /* Assignment2 */;
			targetProxy = 9B5C0BEB1E5E43FD00AD147D /* PBXContainerItemProxy */;
		};
/* End PBXTargetDependency section */

/* Begin PBXVariantGroup section */
		9B5C0BD21E5E43FD00AD147D /* Main.storyboard */ = {
			isa = PBXVariantGroup;
			children = (
				9B5C0BD31E5E43FD00AD147D /* Base */,
			);
			name = Main.storyboard;
			sourceTree = "<group>";
		};
		9B5C0BD71E5E43FD00AD147D /* LaunchScreen.storyboard */ = {
			isa = PBXVariantGroup;
			children = (
				9B5C0BD81E5E43FD00AD147D /* Base */,
			);
			name = LaunchScreen.storyboard;
			sourceTree = "<group>";
		};
/* End PBXVariantGroup section */

/* Begin XCBuildConfiguration section */
		9B5C0BF11E5E43FD00AD147D /* Debug */ = {
			isa = XCBuildConfiguration;
			buildSettings = {
				ALWAYS_SEARCH_USER_PATHS = NO;
				CLANG_ANALYZER_NONNULL = YES;
				CLANG_CXX_LANGUAGE_STANDARD = "gnu++0x";
				CLANG_CXX_LIBRARY = "libc++";
				CLANG_ENABLE_MODULES = YES;
				CLANG_ENABLE_OBJC_ARC = YES;
				CLANG_WARN_BOOL_CONVERSION = YES;
				CLANG_WARN_CONSTANT_CONVERSION = YES;
				CLANG_WARN_DIRECT_OBJC_ISA_USAGE = YES_ERROR;
				CLANG_WARN_DOCUMENTATION_COMMENTS = YES;
				CLANG_WARN_EMPTY_BODY = YES;
				CLANG_WARN_ENUM_CONVERSION = YES;
				CLANG_WARN_INFINITE_RECURSION = YES;
				CLANG_WARN_INT_CONVERSION = YES;
				CLANG_WARN_OBJC_ROOT_CLASS = YES_ERROR;
				CLANG_WARN_SUSPICIOUS_MOVE = YES;
				CLANG_WARN_UNREACHABLE_CODE = YES;
				CLANG_WARN__DUPLICATE_METHOD_MATCH = YES;
				"CODE_SIGN_IDENTITY[sdk=iphoneos*]" = "iPhone Developer";
				COPY_PHASE_STRIP = NO;
				DEBUG_INFORMATION_FORMAT = dwarf;
				ENABLE_STRICT_OBJC_MSGSEND = YES;
				ENABLE_TESTABILITY = YES;
				GCC_C_LANGUAGE_STANDARD = gnu99;
				GCC_DYNAMIC_NO_PIC = NO;
				GCC_NO_COMMON_BLOCKS = YES;
				GCC_OPTIMIZATION_LEVEL = 0;
				GCC_PREPROCESSOR_DEFINITIONS = (
					"DEBUG=1",
					"$(inherited)",
				);
				GCC_WARN_64_TO_32_BIT_CONVERSION = YES;
				GCC_WARN_ABOUT_RETURN_TYPE = YES_ERROR;
				GCC_WARN_UNDECLARED_SELECTOR = YES;
				GCC_WARN_UNINITIALIZED_AUTOS = YES_AGGRESSIVE;
				GCC_WARN_UNUSED_FUNCTION = YES;
				GCC_WARN_UNUSED_VARIABLE = YES;
				IPHONEOS_DEPLOYMENT_TARGET = 10.2;
				MTL_ENABLE_DEBUG_INFO = YES;
				ONLY_ACTIVE_ARCH = YES;
				SDKROOT = iphoneos;
				SWIFT_ACTIVE_COMPILATION_CONDITIONS = DEBUG;
				SWIFT_OPTIMIZATION_LEVEL = "-Onone";
			};
			name = Debug;
		};
		9B5C0BF21E5E43FD00AD147D /* Release */ = {
			isa = XCBuildConfiguration;
			buildSettings = {
				ALWAYS_SEARCH_USER_PATHS = NO;
				CLANG_ANALYZER_NONNULL = YES;
				CLANG_CXX_LANGUAGE_STANDARD = "gnu++0x";
				CLANG_CXX_LIBRARY = "libc++";
				CLANG_ENABLE_MODULES = YES;
				CLANG_ENABLE_OBJC_ARC = YES;
				CLANG_WARN_BOOL_CONVERSION = YES;
				CLANG_WARN_CONSTANT_CONVERSION = YES;
				CLANG_WARN_DIRECT_OBJC_ISA_USAGE = YES_ERROR;
				CLANG_WARN_DOCUMENTATION_COMMENTS = YES;
				CLANG_WARN_EMPTY_BODY = YES;
				CLANG_WARN_ENUM_CONVERSION = YES;
				CLANG_WARN_INFINITE_RECURSION = YES;
				CLANG_WARN_INT_CONVERSION = YES;
				CLANG_WARN_OBJC_ROOT_CLASS = YES_ERROR;
				CLANG_WARN_SUSPICIOUS_MOVE = YES;
				CLANG_WARN_UNREACHABLE_CODE = YES;
				CLANG_WARN__DUPLICATE_METHOD_MATCH = YES;
				"CODE_SIGN_IDENTITY[sdk=iphoneos*]" = "iPhone Developer";
				COPY_PHASE_STRIP = NO;
				DEBUG_INFORMATION_FORMAT = "dwarf-with-dsym";
				ENABLE_NS_ASSERTIONS = NO;
				ENABLE_STRICT_OBJC_MSGSEND = YES;
				GCC_C_LANGUAGE_STANDARD = gnu99;
				GCC_NO_COMMON_BLOCKS = YES;
				GCC_WARN_64_TO_32_BIT_CONVERSION = YES;
				GCC_WARN_ABOUT_RETURN_TYPE = YES_ERROR;
				GCC_WARN_UNDECLARED_SELECTOR = YES;
				GCC_WARN_UNINITIALIZED_AUTOS = YES_AGGRESSIVE;
				GCC_WARN_UNUSED_FUNCTION = YES;
				GCC_WARN_UNUSED_VARIABLE = YES;
				IPHONEOS_DEPLOYMENT_TARGET = 10.2;
				MTL_ENABLE_DEBUG_INFO = NO;
				SDKROOT = iphoneos;
				SWIFT_OPTIMIZATION_LEVEL = "-Owholemodule";
				VALIDATE_PRODUCT = YES;
			};
			name = Release;
		};
		9B5C0BF41E5E43FD00AD147D /* Debug */ = {
			isa = XCBuildConfiguration;
			buildSettings = {
				ASSETCATALOG_COMPILER_APPICON_NAME = AppIcon;
				DEVELOPMENT_TEAM = 8B4QBLLSCD;
				INFOPLIST_FILE = Assignment2/Info.plist;
				LD_RUNPATH_SEARCH_PATHS = "$(inherited) @executable_path/Frameworks";
				PRODUCT_BUNDLE_IDENTIFIER = com.SyedRizvi.Assignment2;
				PRODUCT_NAME = "$(TARGET_NAME)";
				SWIFT_VERSION = 3.0;
			};
			name = Debug;
		};
		9B5C0BF51E5E43FD00AD147D /* Release */ = {
			isa = XCBuildConfiguration;
			buildSettings = {
				ASSETCATALOG_COMPILER_APPICON_NAME = AppIcon;
				DEVELOPMENT_TEAM = 8B4QBLLSCD;
				INFOPLIST_FILE = Assignment2/Info.plist;
				LD_RUNPATH_SEARCH_PATHS = "$(inherited) @executable_path/Frameworks";
				PRODUCT_BUNDLE_IDENTIFIER = com.SyedRizvi.Assignment2;
				PRODUCT_NAME = "$(TARGET_NAME)";
				SWIFT_VERSION = 3.0;
			};
			name = Release;
		};
		9B5C0BF71E5E43FD00AD147D /* Debug */ = {
			isa = XCBuildConfiguration;
			buildSettings = {
				ALWAYS_EMBED_SWIFT_STANDARD_LIBRARIES = YES;
				BUNDLE_LOADER = "$(TEST_HOST)";
				DEVELOPMENT_TEAM = DAHT3F53WS;
				INFOPLIST_FILE = Assignment2Tests/Info.plist;
				LD_RUNPATH_SEARCH_PATHS = "$(inherited) @executable_path/Frameworks @loader_path/Frameworks";
				PRODUCT_BUNDLE_IDENTIFIER = com.SyedRizvi.Assignment2Tests;
				PRODUCT_NAME = "$(TARGET_NAME)";
				SWIFT_VERSION = 3.0;
				TEST_HOST = "$(BUILT_PRODUCTS_DIR)/Assignment2.app/Assignment2";
			};
			name = Debug;
		};
		9B5C0BF81E5E43FD00AD147D /* Release */ = {
			isa = XCBuildConfiguration;
			buildSettings = {
				ALWAYS_EMBED_SWIFT_STANDARD_LIBRARIES = YES;
				BUNDLE_LOADER = "$(TEST_HOST)";
				DEVELOPMENT_TEAM = DAHT3F53WS;
				INFOPLIST_FILE = Assignment2Tests/Info.plist;
				LD_RUNPATH_SEARCH_PATHS = "$(inherited) @executable_path/Frameworks @loader_path/Frameworks";
				PRODUCT_BUNDLE_IDENTIFIER = com.SyedRizvi.Assignment2Tests;
				PRODUCT_NAME = "$(TARGET_NAME)";
				SWIFT_VERSION = 3.0;
				TEST_HOST = "$(BUILT_PRODUCTS_DIR)/Assignment2.app/Assignment2";
			};
			name = Release;
		};
		9B5C0BFA1E5E43FD00AD147D /* Debug */ = {
			isa = XCBuildConfiguration;
			buildSettings = {
				ALWAYS_EMBED_SWIFT_STANDARD_LIBRARIES = YES;
				DEVELOPMENT_TEAM = DAHT3F53WS;
				INFOPLIST_FILE = Assignment2UITests/Info.plist;
				LD_RUNPATH_SEARCH_PATHS = "$(inherited) @executable_path/Frameworks @loader_path/Frameworks";
				PRODUCT_BUNDLE_IDENTIFIER = com.SyedRizvi.Assignment2UITests;
				PRODUCT_NAME = "$(TARGET_NAME)";
				SWIFT_VERSION = 3.0;
				TEST_TARGET_NAME = Assignment2;
			};
			name = Debug;
		};
		9B5C0BFB1E5E43FD00AD147D /* Release */ = {
			isa = XCBuildConfiguration;
			buildSettings = {
				ALWAYS_EMBED_SWIFT_STANDARD_LIBRARIES = YES;
				DEVELOPMENT_TEAM = DAHT3F53WS;
				INFOPLIST_FILE = Assignment2UITests/Info.plist;
				LD_RUNPATH_SEARCH_PATHS = "$(inherited) @executable_path/Frameworks @loader_path/Frameworks";
				PRODUCT_BUNDLE_IDENTIFIER = com.SyedRizvi.Assignment2UITests;
				PRODUCT_NAME = "$(TARGET_NAME)";
				SWIFT_VERSION = 3.0;
				TEST_TARGET_NAME = Assignment2;
			};
			name = Release;
		};
/* End XCBuildConfiguration section */

/* Begin XCConfigurationList section */
		9B5C0BC61E5E43FD00AD147D /* Build configuration list for PBXProject "Assignment2" */ = {
			isa = XCConfigurationList;
			buildConfigurations = (
				9B5C0BF11E5E43FD00AD147D /* Debug */,
				9B5C0BF21E5E43FD00AD147D /* Release */,
			);
			defaultConfigurationIsVisible = 0;
			defaultConfigurationName = Release;
		};
		9B5C0BF31E5E43FD00AD147D /* Build configuration list for PBXNativeTarget "Assignment2" */ = {
			isa = XCConfigurationList;
			buildConfigurations = (
				9B5C0BF41E5E43FD00AD147D /* Debug */,
				9B5C0BF51E5E43FD00AD147D /* Release */,
			);
			defaultConfigurationIsVisible = 0;
			defaultConfigurationName = Release;
		};
		9B5C0BF61E5E43FD00AD147D /* Build configuration list for PBXNativeTarget "Assignment2Tests" */ = {
			isa = XCConfigurationList;
			buildConfigurations = (
				9B5C0BF71E5E43FD00AD147D /* Debug */,
				9B5C0BF81E5E43FD00AD147D /* Release */,
			);
			defaultConfigurationIsVisible = 0;
			defaultConfigurationName = Release;
		};
		9B5C0BF91E5E43FD00AD147D /* Build configuration list for PBXNativeTarget "Assignment2UITests" */ = {
			isa = XCConfigurationList;
			buildConfigurations = (
				9B5C0BFA1E5E43FD00AD147D /* Debug */,
				9B5C0BFB1E5E43FD00AD147D /* Release */,
			);
			defaultConfigurationIsVisible = 0;
			defaultConfigurationName = Release;
		};
/* End XCConfigurationList section */
	};
	rootObject = 9B5C0BC31E5E43FD00AD147D /* Project object */;
}
